
Microsoft Visual Studio Solution File, Format Version 12.00
# Visual Studio Version 16
VisualStudioVersion = 16.0.31624.102
MinimumVisualStudioVersion = 10.0.40219.1
Project("{FAE04EC0-301F-11D3-BF4B-00C04F79EFBC}") = "WindowsFormsApp1", "WindowsFormsApp1\WindowsFormsApp1.csproj", "{373DEF5B-7888-45F4-B6DF-B247353C0517}"
EndProject
Global
	GlobalSection(SolutionConfigurationPlatforms) = preSolution
		Debug|Any CPU = Debug|Any CPU
		Release|Any CPU = Release|Any CPU
	EndGlobalSection
	GlobalSection(ProjectConfigurationPlatforms) = postSolution
		{373DEF5B-7888-45F4-B6DF-B247353C0517}.Debug|Any CPU.ActiveCfg = Debug|Any CPU
		{373DEF5B-7888-45F4-B6DF-B247353C0517}.Debug|Any CPU.Build.0 = Debug|Any CPU
		{373DEF5B-7888-45F4-B6DF-B247353C0517}.Release|Any CPU.ActiveCfg = Release|Any CPU
		{373DEF5B-7888-45F4-B6DF-B247353C0517}.Release|Any CPU.Build.0 = Release|Any CPU
	EndGlobalSection
	GlobalSection(SolutionProperties) = preSolution
		HideSolutionNode = FALSE
	EndGlobalSection
	GlobalSection(ExtensibilityGlobals) = postSolution
		SolutionGuid = {53835706-4B1C-4E1B-9375-5C274998FBD4}
	EndGlobalSection
EndGlobal
